
Microsoft Visual Studio Solution File, Format Version 12.00
# Visual Studio 15
VisualStudioVersion = 15.0.26014.0
MinimumVisualStudioVersion = 10.0.40219.1
Project("{8BC9CEB8-8B4A-11D0-8D11-00A0C91BC942}") = "SM_R", "SM_R\SM_R.vcxproj", "{55441C6F-29D3-4F75-89EB-EA514240575F}"
EndProject
Global
	GlobalSection(SolutionConfigurationPlatforms) = preSolution
		Debug|x64 = Debug|x64
		Debug|x86 = Debug|x86
		Release|x64 = Release|x64
		Release|x86 = Release|x86
	EndGlobalSection
	GlobalSection(ProjectConfigurationPlatforms) = postSolution
		{55441C6F-29D3-4F75-89EB-EA514240575F}.Debug|x64.ActiveCfg = Debug|x64
		{55441C6F-29D3-4F75-89EB-EA514240575F}.Debug|x64.Build.0 = Debug|x64
		{55441C6F-29D3-4F75-89EB-EA514240575F}.Debug|x86.ActiveCfg = Debug|Win32
		{55441C6F-29D3-4F75-89EB-EA514240575F}.Debug|x86.Build.0 = Debug|Win32
		{55441C6F-29D3-4F75-89EB-EA514240575F}.Release|x64.ActiveCfg = Release|x64
		{55441C6F-29D3-4F75-89EB-EA514240575F}.Release|x64.Build.0 = Release|x64
		{55441C6F-29D3-4F75-89EB-EA514240575F}.Release|x86.ActiveCfg = Release|Win32
		{55441C6F-29D3-4F75-89EB-EA514240575F}.Release|x86.Build.0 = Release|Win32
	EndGlobalSection
	GlobalSection(SolutionProperties) = preSolution
		HideSolutionNode = FALSE
	EndGlobalSection
EndGlobal
